
Microsoft Visual Studio Solution File, Format Version 12.00
# Visual Studio Version 16
VisualStudioVersion = 16.0.31729.503
MinimumVisualStudioVersion = 10.0.40219.1
Project("{FAE04EC0-301F-11D3-BF4B-00C04F79EFBC}") = "CustomList", "CustomList\CustomList.csproj", "{D9D56E73-CDFD-4CC5-9DB4-67319319245A}"
EndProject
Project("{FAE04EC0-301F-11D3-BF4B-00C04F79EFBC}") = "ListLibrary", "ListLibrary\ListLibrary.csproj", "{C8D9B788-1B8D-41F9-8CEF-87DC2FB7AE66}"
EndProject
Global
	GlobalSection(SolutionConfigurationPlatforms) = preSolution
		Debug|Any CPU = Debug|Any CPU
		Release|Any CPU = Release|Any CPU
	EndGlobalSection
	GlobalSection(ProjectConfigurationPlatforms) = postSolution
		{D9D56E73-CDFD-4CC5-9DB4-67319319245A}.Debug|Any CPU.ActiveCfg = Debug|Any CPU
		{D9D56E73-CDFD-4CC5-9DB4-67319319245A}.Debug|Any CPU.Build.0 = Debug|Any CPU
		{D9D56E73-CDFD-4CC5-9DB4-67319319245A}.Release|Any CPU.ActiveCfg = Release|Any CPU
		{D9D56E73-CDFD-4CC5-9DB4-67319319245A}.Release|Any CPU.Build.0 = Release|Any CPU
		{C8D9B788-1B8D-41F9-8CEF-87DC2FB7AE66}.Debug|Any CPU.ActiveCfg = Debug|Any CPU
		{C8D9B788-1B8D-41F9-8CEF-87DC2FB7AE66}.Debug|Any CPU.Build.0 = Debug|Any CPU
		{C8D9B788-1B8D-41F9-8CEF-87DC2FB7AE66}.Release|Any CPU.ActiveCfg = Release|Any CPU
		{C8D9B788-1B8D-41F9-8CEF-87DC2FB7AE66}.Release|Any CPU.Build.0 = Release|Any CPU
	EndGlobalSection
	GlobalSection(SolutionProperties) = preSolution
		HideSolutionNode = FALSE
	EndGlobalSection
	GlobalSection(ExtensibilityGlobals) = postSolution
		SolutionGuid = {557D96F3-5F7B-4C3D-B4BB-53FA60BCEF6F}
	EndGlobalSection
EndGlobal
